
Microsoft Visual Studio Solution File, Format Version 12.00
# Visual Studio Version 16
VisualStudioVersion = 16.0.30114.105
MinimumVisualStudioVersion = 10.0.40219.1
Project("{F2A71F9B-5D33-465A-A702-920D77279786}") = "SSPLib", "SSPLib\SSPLib.fsproj", "{8A382893-D3A3-44BF-9460-EA824938181D}"
EndProject
Project("{F2A71F9B-5D33-465A-A702-920D77279786}") = "SSPApp", "SSPApp\SSPApp.fsproj", "{AF777990-ABDD-489A-A9FA-267215673212}"
EndProject
Project("{F2A71F9B-5D33-465A-A702-920D77279786}") = "SSPLib.Tests", "SSPLib.Tests\SSPLib.Tests.fsproj", "{A1F740CC-C3B2-4EFD-8864-B42EA0287295}"
EndProject
Project("{F2A71F9B-5D33-465A-A702-920D77279786}") = "SSPApp.Tests", "SSPApp.Tests\SSPApp.Tests.fsproj", "{4CC6D2F2-CDF9-4C14-9F81-D3CBD53E5FC4}"
EndProject
Global
	GlobalSection(SolutionConfigurationPlatforms) = preSolution
		Debug|Any CPU = Debug|Any CPU
		Debug|x64 = Debug|x64
		Debug|x86 = Debug|x86
		Release|Any CPU = Release|Any CPU
		Release|x64 = Release|x64
		Release|x86 = Release|x86
	EndGlobalSection
	GlobalSection(SolutionProperties) = preSolution
		HideSolutionNode = FALSE
	EndGlobalSection
	GlobalSection(ProjectConfigurationPlatforms) = postSolution
		{8A382893-D3A3-44BF-9460-EA824938181D}.Debug|Any CPU.ActiveCfg = Debug|Any CPU
		{8A382893-D3A3-44BF-9460-EA824938181D}.Debug|Any CPU.Build.0 = Debug|Any CPU
		{8A382893-D3A3-44BF-9460-EA824938181D}.Debug|x64.ActiveCfg = Debug|Any CPU
		{8A382893-D3A3-44BF-9460-EA824938181D}.Debug|x64.Build.0 = Debug|Any CPU
		{8A382893-D3A3-44BF-9460-EA824938181D}.Debug|x86.ActiveCfg = Debug|Any CPU
		{8A382893-D3A3-44BF-9460-EA824938181D}.Debug|x86.Build.0 = Debug|Any CPU
		{8A382893-D3A3-44BF-9460-EA824938181D}.Release|Any CPU.ActiveCfg = Release|Any CPU
		{8A382893-D3A3-44BF-9460-EA824938181D}.Release|Any CPU.Build.0 = Release|Any CPU
		{8A382893-D3A3-44BF-9460-EA824938181D}.Release|x64.ActiveCfg = Release|Any CPU
		{8A382893-D3A3-44BF-9460-EA824938181D}.Release|x64.Build.0 = Release|Any CPU
		{8A382893-D3A3-44BF-9460-EA824938181D}.Release|x86.ActiveCfg = Release|Any CPU
		{8A382893-D3A3-44BF-9460-EA824938181D}.Release|x86.Build.0 = Release|Any CPU
		{AF777990-ABDD-489A-A9FA-267215673212}.Debug|Any CPU.ActiveCfg = Debug|Any CPU
		{AF777990-ABDD-489A-A9FA-267215673212}.Debug|Any CPU.Build.0 = Debug|Any CPU
		{AF777990-ABDD-489A-A9FA-267215673212}.Debug|x64.ActiveCfg = Debug|Any CPU
		{AF777990-ABDD-489A-A9FA-267215673212}.Debug|x64.Build.0 = Debug|Any CPU
		{AF777990-ABDD-489A-A9FA-267215673212}.Debug|x86.ActiveCfg = Debug|Any CPU
		{AF777990-ABDD-489A-A9FA-267215673212}.Debug|x86.Build.0 = Debug|Any CPU
		{AF777990-ABDD-489A-A9FA-267215673212}.Release|Any CPU.ActiveCfg = Release|Any CPU
		{AF777990-ABDD-489A-A9FA-267215673212}.Release|Any CPU.Build.0 = Release|Any CPU
		{AF777990-ABDD-489A-A9FA-267215673212}.Release|x64.ActiveCfg = Release|Any CPU
		{AF777990-ABDD-489A-A9FA-267215673212}.Release|x64.Build.0 = Release|Any CPU
		{AF777990-ABDD-489A-A9FA-267215673212}.Release|x86.ActiveCfg = Release|Any CPU
		{AF777990-ABDD-489A-A9FA-267215673212}.Release|x86.Build.0 = Release|Any CPU
		{A1F740CC-C3B2-4EFD-8864-B42EA0287295}.Debug|Any CPU.ActiveCfg = Debug|Any CPU
		{A1F740CC-C3B2-4EFD-8864-B42EA0287295}.Debug|Any CPU.Build.0 = Debug|Any CPU
		{A1F740CC-C3B2-4EFD-8864-B42EA0287295}.Debug|x64.ActiveCfg = Debug|Any CPU
		{A1F740CC-C3B2-4EFD-8864-B42EA0287295}.Debug|x64.Build.0 = Debug|Any CPU
		{A1F740CC-C3B2-4EFD-8864-B42EA0287295}.Debug|x86.ActiveCfg = Debug|Any CPU
		{A1F740CC-C3B2-4EFD-8864-B42EA0287295}.Debug|x86.Build.0 = Debug|Any CPU
		{A1F740CC-C3B2-4EFD-8864-B42EA0287295}.Release|Any CPU.ActiveCfg = Release|Any CPU
		{A1F740CC-C3B2-4EFD-8864-B42EA0287295}.Release|Any CPU.Build.0 = Release|Any CPU
		{A1F740CC-C3B2-4EFD-8864-B42EA0287295}.Release|x64.ActiveCfg = Release|Any CPU
		{A1F740CC-C3B2-4EFD-8864-B42EA0287295}.Release|x64.Build.0 = Release|Any CPU
		{A1F740CC-C3B2-4EFD-8864-B42EA0287295}.Release|x86.ActiveCfg = Release|Any CPU
		{A1F740CC-C3B2-4EFD-8864-B42EA0287295}.Release|x86.Build.0 = Release|Any CPU
		{4CC6D2F2-CDF9-4C14-9F81-D3CBD53E5FC4}.Debug|Any CPU.ActiveCfg = Debug|Any CPU
		{4CC6D2F2-CDF9-4C14-9F81-D3CBD53E5FC4}.Debug|Any CPU.Build.0 = Debug|Any CPU
		{4CC6D2F2-CDF9-4C14-9F81-D3CBD53E5FC4}.Debug|x64.ActiveCfg = Debug|Any CPU
		{4CC6D2F2-CDF9-4C14-9F81-D3CBD53E5FC4}.Debug|x64.Build.0 = Debug|Any CPU
		{4CC6D2F2-CDF9-4C14-9F81-D3CBD53E5FC4}.Debug|x86.ActiveCfg = Debug|Any CPU
		{4CC6D2F2-CDF9-4C14-9F81-D3CBD53E5FC4}.Debug|x86.Build.0 = Debug|Any CPU
		{4CC6D2F2-CDF9-4C14-9F81-D3CBD53E5FC4}.Release|Any CPU.ActiveCfg = Release|Any CPU
		{4CC6D2F2-CDF9-4C14-9F81-D3CBD53E5FC4}.Release|Any CPU.Build.0 = Release|Any CPU
		{4CC6D2F2-CDF9-4C14-9F81-D3CBD53E5FC4}.Release|x64.ActiveCfg = Release|Any CPU
		{4CC6D2F2-CDF9-4C14-9F81-D3CBD53E5FC4}.Release|x64.Build.0 = Release|Any CPU
		{4CC6D2F2-CDF9-4C14-9F81-D3CBD53E5FC4}.Release|x86.ActiveCfg = Release|Any CPU
		{4CC6D2F2-CDF9-4C14-9F81-D3CBD53E5FC4}.Release|x86.Build.0 = Release|Any CPU
	EndGlobalSection
EndGlobal
